<?xml version="1.0" encoding="utf-8"?>
<Project ToolsVersion="4.0" xmlns="http://schemas.microsoft.com/developer/msbuild/2003">
  <ItemGroup>
    <Filter Include="HEADER">
      <UniqueIdentifier>{e0b6743a-20cb-422c-8ced-b024fdccac03}</UniqueIdentifier>
    </Filter>
    <Filter Include="SOURCE">
      <UniqueIdentifier>{cdf4dcbe-4f90-4f0d-9cd2-cd4a077e07a6}</UniqueIdentifier>
    </Filter>
    <Filter Include="HEADER\console">
      <UniqueIdentifier>{ed607b0e-86b3-4a22-9a79-7306edd32ac8}</UniqueIdentifier>
    </Filter>
    <Filter Include="SOURCE\console">
      <UniqueIdentifier>{75738f5b-87d8-4632-9fe5-e8cebc482617}</UniqueIdentifier>
    </Filter>
    <Filter Include="HEADER\interrupt">
      <UniqueIdentifier>{cf5a94dc-0964-4cdb-b124-56453ffc58ce}</UniqueIdentifier>
    </Filter>
    <Filter Include="SOURCE\interrupt">
      <UniqueIdentifier>{4f46e7c5-45b7-48da-adf4-66322f1b475e}</UniqueIdentifier>
    </Filter>
    <Filter Include="HEADER\timer">
      <UniqueIdentifier>{354908b9-846f-4dd8-8915-0d2da1129a35}</UniqueIdentifier>
    </Filter>
    <Filter Include="SOURCE\timer">
      <UniqueIdentifier>{59b89b5a-5fdb-4d3c-ab5f-88f726716bf7}</UniqueIdentifier>
    </Filter>
    <Filter Include="HEADER\memory">
      <UniqueIdentifier>{337577f8-fbed-4b5c-85d3-bed795bd97f4}</UniqueIdentifier>
    </Filter>
    <Filter Include="SOURCE\memory">
      <UniqueIdentifier>{baa24581-dc8e-45d3-8939-46e12a5f4773}</UniqueIdentifier>
    </Filter>
    <Filter Include="HEADER\device">
      <UniqueIdentifier>{387f82cd-9183-4556-8899-500ce16a7723}</UniqueIdentifier>
    </Filter>
    <Filter Include="SOURCE\device">
      <UniqueIdentifier>{f9681b45-fb99-4716-b21f-6f0aaedc11ff}</UniqueIdentifier>
    </Filter>
    <Filter Include="HEADER\acpi">
      <UniqueIdentifier>{51f6fe51-00b2-462d-ae5d-51db15606093}</UniqueIdentifier>
    </Filter>
    <Filter Include="SOURCE\acpi">
      <UniqueIdentifier>{e5f729f5-981d-45df-b1bd-4215cf09f6d4}</UniqueIdentifier>
    </Filter>
    <Filter Include="HEADER\device\usb">
      <UniqueIdentifier>{57c84791-7a25-40b7-8208-b9942edc6127}</UniqueIdentifier>
    </Filter>
    <Filter Include="SOURCE\device\usb">
      <UniqueIdentifier>{7f11d55b-3332-400b-8dc7-a214ed96ce63}</UniqueIdentifier>
    </Filter>
  </ItemGroup>
  <ItemGroup>
    <ClCompile Include="..\..\KERNEL\SOURCE\kernel.c">
      <Filter>SOURCE</Filter>
    </ClCompile>
    <ClCompile Include="..\..\KERNEL\SOURCE\interrupt\8259A.c">
      <Filter>SOURCE\interrupt</Filter>
    </ClCompile>
    <ClCompile Include="..\..\KERNEL\SOURCE\console\console.c">
      <Filter>SOURCE\console</Filter>
    </ClCompile>
    <ClCompile Include="..\..\KERNEL\SOURCE\intrinsic.c">
      <Filter>SOURCE</Filter>
    </ClCompile>
    <ClCompile Include="..\..\KERNEL\SOURCE\interrupt\interrupt.c">
      <Filter>SOURCE\interrupt</Filter>
    </ClCompile>
    <ClCompile Include="..\..\KERNEL\SOURCE\timer\8254.c">
      <Filter>SOURCE\timer</Filter>
    </ClCompile>
    <ClCompile Include="..\..\KERNEL\SOURCE\timer\timer.c">
      <Filter>SOURCE\timer</Filter>
    </ClCompile>
    <ClCompile Include="..\..\KERNEL\SOURCE\interrupt\apic.c">
      <Filter>SOURCE\interrupt</Filter>
    </ClCompile>
    <ClCompile Include="..\..\KERNEL\SOURCE\memory\page.c">
      <Filter>SOURCE\memory</Filter>
    </ClCompile>
    <ClCompile Include="..\..\KERNEL\SOURCE\system.c">
      <Filter>SOURCE</Filter>
    </ClCompile>
    <ClCompile Include="..\..\KERNEL\SOURCE\memory\segment.c">
      <Filter>SOURCE\memory</Filter>
    </ClCompile>
    <ClCompile Include="..\..\KERNEL\SOURCE\memory\heap.c">
      <Filter>SOURCE\memory</Filter>
    </ClCompile>
    <ClCompile Include="..\..\KERNEL\SOURCE\memory\block.c">
      <Filter>SOURCE\memory</Filter>
    </ClCompile>
    <ClCompile Include="..\..\KERNEL\SOURCE\memory\virtual.c">
      <Filter>SOURCE\memory</Filter>
    </ClCompile>
    <ClCompile Include="..\..\KERNEL\SOURCE\device\pci.c">
      <Filter>SOURCE\device</Filter>
    </ClCompile>
    <ClCompile Include="..\..\KERNEL\SOURCE\device\xhci.c">
      <Filter>SOURCE\device</Filter>
    </ClCompile>
    <ClCompile Include="..\..\KERNEL\SOURCE\acpi\acpi.c">
      <Filter>SOURCE\acpi</Filter>
    </ClCompile>
    <ClCompile Include="..\..\KERNEL\SOURCE\acpi\madt.c">
      <Filter>SOURCE\acpi</Filter>
    </ClCompile>
    <ClCompile Include="..\..\KERNEL\SOURCE\device\usb.c">
      <Filter>SOURCE\device</Filter>
    </ClCompile>
    <ClCompile Include="..\..\KERNEL\SOURCE\device\usb\msc.c">
      <Filter>SOURCE\device\usb</Filter>
    </ClCompile>
    <ClCompile Include="..\..\KERNEL\SOURCE\device\usb\hub.c">
      <Filter>SOURCE\device\usb</Filter>
    </ClCompile>
    <ClCompile Include="..\..\KERNEL\SOURCE\device\scsi.c">
      <Filter>SOURCE\device</Filter>
    </ClCompile>
    <ClCompile Include="..\..\KERNEL\SOURCE\device\disk.c">
      <Filter>SOURCE\device</Filter>
    </ClCompile>
    <ClCompile Include="..\..\KERNEL\SOURCE\device\usb\hid.c">
      <Filter>SOURCE\device\usb</Filter>
    </ClCompile>
    <ClCompile Include="..\..\KERNEL\SOURCE\device\keyboard.c">
      <Filter>SOURCE\device</Filter>
    </ClCompile>
    <ClCompile Include="..\..\KERNEL\SOURCE\acpi\fadt.c">
      <Filter>SOURCE\acpi</Filter>
    </ClCompile>
  </ItemGroup>
  <ItemGroup>
    <ClInclude Include="..\..\KERNEL\HEADER\types.h">
      <Filter>HEADER</Filter>
    </ClInclude>
    <ClInclude Include="..\..\KERNEL\HEADER\console\console.h">
      <Filter>HEADER\console</Filter>
    </ClInclude>
    <ClInclude Include="..\..\KERNEL\HEADER\declspec.h">
      <Filter>HEADER</Filter>
    </ClInclude>
    <ClInclude Include="..\..\KERNEL\HEADER\interrupt\interrupt.h">
      <Filter>HEADER\interrupt</Filter>
    </ClInclude>
    <ClInclude Include="..\..\KERNEL\HEADER\interrupt\8259A.h">
      <Filter>HEADER\interrupt</Filter>
    </ClInclude>
    <ClInclude Include="..\..\KERNEL\HEADER\intrinsic.h">
      <Filter>HEADER</Filter>
    </ClInclude>
    <ClInclude Include="..\..\KERNEL\HEADER\timer\8254.h">
      <Filter>HEADER\timer</Filter>
    </ClInclude>
    <ClInclude Include="..\..\KERNEL\HEADER\timer\timer.h">
      <Filter>HEADER\timer</Filter>
    </ClInclude>
    <ClInclude Include="..\..\KERNEL\HEADER\interrupt\apic.h">
      <Filter>HEADER\interrupt</Filter>
    </ClInclude>
    <ClInclude Include="..\..\KERNEL\HEADER\memory\page.h">
      <Filter>HEADER\memory</Filter>
    </ClInclude>
    <ClInclude Include="..\..\KERNEL\HEADER\system.h">
      <Filter>HEADER</Filter>
    </ClInclude>
    <ClInclude Include="..\..\KERNEL\HEADER\memory\segment.h">
      <Filter>HEADER\memory</Filter>
    </ClInclude>
    <ClInclude Include="..\..\KERNEL\HEADER\memory\heap.h">
      <Filter>HEADER\memory</Filter>
    </ClInclude>
    <ClInclude Include="..\..\KERNEL\HEADER\memory\block.h">
      <Filter>HEADER\memory</Filter>
    </ClInclude>
    <ClInclude Include="..\..\KERNEL\HEADER\memory\virtual.h">
      <Filter>HEADER\memory</Filter>
    </ClInclude>
    <ClInclude Include="..\..\KERNEL\HEADER\msr.h">
      <Filter>HEADER</Filter>
    </ClInclude>
    <ClInclude Include="..\..\KERNEL\HEADER\device\pci.h">
      <Filter>HEADER\device</Filter>
    </ClInclude>
    <ClInclude Include="..\..\KERNEL\HEADER\device\xhci.h">
      <Filter>HEADER\device</Filter>
    </ClInclude>
    <ClInclude Include="..\..\KERNEL\HEADER\acpi\acpi.h">
      <Filter>HEADER\acpi</Filter>
    </ClInclude>
    <ClInclude Include="..\..\KERNEL\HEADER\acpi\madt.h">
      <Filter>HEADER\acpi</Filter>
    </ClInclude>
    <ClInclude Include="..\..\KERNEL\HEADER\device\usb.h">
      <Filter>HEADER\device</Filter>
    </ClInclude>
    <ClInclude Include="..\..\KERNEL\HEADER\device\usb\msc.h">
      <Filter>HEADER\device\usb</Filter>
    </ClInclude>
    <ClInclude Include="..\..\KERNEL\HEADER\device\usb\hub.h">
      <Filter>HEADER\device\usb</Filter>
    </ClInclude>
    <ClInclude Include="..\..\KERNEL\HEADER\device\disk.h">
      <Filter>HEADER\device</Filter>
    </ClInclude>
    <ClInclude Include="..\..\KERNEL\HEADER\device\driver.h">
      <Filter>HEADER\device</Filter>
    </ClInclude>
    <ClInclude Include="..\..\KERNEL\HEADER\device\scsi.h">
      <Filter>HEADER\device</Filter>
    </ClInclude>
    <ClInclude Include="..\..\KERNEL\HEADER\device\usb\hid.h">
      <Filter>HEADER\device\usb</Filter>
    </ClInclude>
    <ClInclude Include="..\..\KERNEL\HEADER\device\keyboard.h">
      <Filter>HEADER\device</Filter>
    </ClInclude>
    <ClInclude Include="..\..\KERNEL\HEADER\acpi\fadt.h">
      <Filter>HEADER\acpi</Filter>
    </ClInclude>
  </ItemGroup>
</Project>